
Microsoft Visual Studio Solution File, Format Version 12.00
# Visual Studio Version 17
VisualStudioVersion = 17.0.31903.59
MinimumVisualStudioVersion = 10.0.40219.1
Project("{FAE04EC0-301F-11D3-BF4B-00C04F79EFBC}") = "EmailSnapshotTesting", "EmailSnapshotTesting\EmailSnapshotTesting.csproj", "{164FC2F5-F12E-4FB6-BBA8-76A0D93268E2}"
EndProject
Project("{FAE04EC0-301F-11D3-BF4B-00C04F79EFBC}") = "IntegrationTests", "IntegrationTests\IntegrationTests.csproj", "{0D071E77-5266-4036-A906-54F026E3C24C}"
EndProject
Global
	GlobalSection(SolutionConfigurationPlatforms) = preSolution
		Debug|Any CPU = Debug|Any CPU
		Release|Any CPU = Release|Any CPU
	EndGlobalSection
	GlobalSection(ProjectConfigurationPlatforms) = postSolution
		{164FC2F5-F12E-4FB6-BBA8-76A0D93268E2}.Debug|Any CPU.ActiveCfg = Debug|Any CPU
		{164FC2F5-F12E-4FB6-BBA8-76A0D93268E2}.Debug|Any CPU.Build.0 = Debug|Any CPU
		{164FC2F5-F12E-4FB6-BBA8-76A0D93268E2}.Release|Any CPU.ActiveCfg = Release|Any CPU
		{164FC2F5-F12E-4FB6-BBA8-76A0D93268E2}.Release|Any CPU.Build.0 = Release|Any CPU
		{0D071E77-5266-4036-A906-54F026E3C24C}.Debug|Any CPU.ActiveCfg = Debug|Any CPU
		{0D071E77-5266-4036-A906-54F026E3C24C}.Debug|Any CPU.Build.0 = Debug|Any CPU
		{0D071E77-5266-4036-A906-54F026E3C24C}.Release|Any CPU.ActiveCfg = Release|Any CPU
		{0D071E77-5266-4036-A906-54F026E3C24C}.Release|Any CPU.Build.0 = Release|Any CPU
	EndGlobalSection
	GlobalSection(SolutionProperties) = preSolution
		HideSolutionNode = FALSE
	EndGlobalSection
	GlobalSection(ExtensibilityGlobals) = postSolution
		SolutionGuid = {6AD86C0A-E7F6-465C-B284-4F0FDA63AF7E}
	EndGlobalSection
EndGlobal
